
Microsoft Visual Studio Solution File, Format Version 12.00
# Visual Studio Version 16
VisualStudioVersion = 16.0.29920.165
MinimumVisualStudioVersion = 10.0.40219.1
Project("{FAE04EC0-301F-11D3-BF4B-00C04F79EFBC}") = "BooksApi", "BooksApi.csproj", "{6BB63B62-95D9-4D9E-9C5F-41677FF5BC8B}"
EndProject
Global
	GlobalSection(SolutionConfigurationPlatforms) = preSolution
		Debug|Any CPU = Debug|Any CPU
		Release|Any CPU = Release|Any CPU
	EndGlobalSection
	GlobalSection(ProjectConfigurationPlatforms) = postSolution
		{6BB63B62-95D9-4D9E-9C5F-41677FF5BC8B}.Debug|Any CPU.ActiveCfg = Debug|Any CPU
		{6BB63B62-95D9-4D9E-9C5F-41677FF5BC8B}.Debug|Any CPU.Build.0 = Debug|Any CPU
		{6BB63B62-95D9-4D9E-9C5F-41677FF5BC8B}.Release|Any CPU.ActiveCfg = Release|Any CPU
		{6BB63B62-95D9-4D9E-9C5F-41677FF5BC8B}.Release|Any CPU.Build.0 = Release|Any CPU
	EndGlobalSection
	GlobalSection(SolutionProperties) = preSolution
		HideSolutionNode = FALSE
	EndGlobalSection
	GlobalSection(ExtensibilityGlobals) = postSolution
		SolutionGuid = {73163010-6C16-49B9-BB8A-636ADE38CC82}
	EndGlobalSection
EndGlobal
